
Microsoft Visual Studio Solution File, Format Version 12.00
# Visual Studio Version 17
VisualStudioVersion = 17.0.31919.166
MinimumVisualStudioVersion = 10.0.40219.1
Project("{9A19103F-16F7-4668-BE54-9A1E7A4F7556}") = "ProjectPlanner", "ProjectPlanner\ProjectPlanner.csproj", "{FCDBAA26-6C14-4D70-A8C0-1FE4F492A184}"
EndProject
Global
	GlobalSection(SolutionConfigurationPlatforms) = preSolution
		Debug|Any CPU = Debug|Any CPU
		Release|Any CPU = Release|Any CPU
	EndGlobalSection
	GlobalSection(ProjectConfigurationPlatforms) = postSolution
		{FCDBAA26-6C14-4D70-A8C0-1FE4F492A184}.Debug|Any CPU.ActiveCfg = Debug|Any CPU
		{FCDBAA26-6C14-4D70-A8C0-1FE4F492A184}.Debug|Any CPU.Build.0 = Debug|Any CPU
		{FCDBAA26-6C14-4D70-A8C0-1FE4F492A184}.Release|Any CPU.ActiveCfg = Release|Any CPU
		{FCDBAA26-6C14-4D70-A8C0-1FE4F492A184}.Release|Any CPU.Build.0 = Release|Any CPU
	EndGlobalSection
	GlobalSection(SolutionProperties) = preSolution
		HideSolutionNode = FALSE
	EndGlobalSection
	GlobalSection(ExtensibilityGlobals) = postSolution
		SolutionGuid = {7BDD5B47-74BD-48AB-8DC3-CAA4889DF75F}
	EndGlobalSection
EndGlobal
